
Microsoft Visual Studio Solution File, Format Version 12.00
# Visual Studio Version 17
VisualStudioVersion = 17.5.002.0
MinimumVisualStudioVersion = 10.0.40219.1
Project("{9A19103F-16F7-4668-BE54-9A1E7A4F7556}") = "community", "community.csproj", "{EDC8636B-6F1D-4CC4-9F4B-1B12154DCF0F}"
EndProject
Global
	GlobalSection(SolutionConfigurationPlatforms) = preSolution
		Debug|Any CPU = Debug|Any CPU
		Release|Any CPU = Release|Any CPU
	EndGlobalSection
	GlobalSection(ProjectConfigurationPlatforms) = postSolution
		{EDC8636B-6F1D-4CC4-9F4B-1B12154DCF0F}.Debug|Any CPU.ActiveCfg = Debug|Any CPU
		{EDC8636B-6F1D-4CC4-9F4B-1B12154DCF0F}.Debug|Any CPU.Build.0 = Debug|Any CPU
		{EDC8636B-6F1D-4CC4-9F4B-1B12154DCF0F}.Release|Any CPU.ActiveCfg = Release|Any CPU
		{EDC8636B-6F1D-4CC4-9F4B-1B12154DCF0F}.Release|Any CPU.Build.0 = Release|Any CPU
	EndGlobalSection
	GlobalSection(SolutionProperties) = preSolution
		HideSolutionNode = FALSE
	EndGlobalSection
	GlobalSection(ExtensibilityGlobals) = postSolution
		SolutionGuid = {CC175C9D-B7D3-4133-A04B-E03786F16194}
	EndGlobalSection
EndGlobal
